
Microsoft Visual Studio Solution File, Format Version 12.00
# Visual Studio 15
VisualStudioVersion = 15.0.26730.16
MinimumVisualStudioVersion = 10.0.40219.1
Project("{2150E333-8FDC-42A3-9474-1A3956D46DE8}") = "0 - Aplicacao", "0 - Aplicacao", "{A73C56DA-30E0-485A-9916-E8EDA13CAA79}"
EndProject
Project("{2150E333-8FDC-42A3-9474-1A3956D46DE8}") = "1 - Modelo", "1 - Modelo", "{0F1752A0-99D1-434A-B43F-7B1C940A67ED}"
EndProject
Project("{2150E333-8FDC-42A3-9474-1A3956D46DE8}") = "2 - Persistencia", "2 - Persistencia", "{D22BA6A9-3BE5-4CA1-B103-3950FCBBC060}"
EndProject
Project("{2150E333-8FDC-42A3-9474-1A3956D46DE8}") = "3 - Servico", "3 - Servico", "{D881D3B8-9C6C-48DD-9FA4-39E4E43448E9}"
EndProject
Project("{FAE04EC0-301F-11D3-BF4B-00C04F79EFBC}") = "Apresentacao", "Apresentacao\Apresentacao.csproj", "{B5E6B82D-E166-445E-94F1-406F83E73393}"
EndProject
Global
	GlobalSection(SolutionConfigurationPlatforms) = preSolution
		Debug|Any CPU = Debug|Any CPU
		Release|Any CPU = Release|Any CPU
	EndGlobalSection
	GlobalSection(ProjectConfigurationPlatforms) = postSolution
		{B5E6B82D-E166-445E-94F1-406F83E73393}.Debug|Any CPU.ActiveCfg = Debug|Any CPU
		{B5E6B82D-E166-445E-94F1-406F83E73393}.Debug|Any CPU.Build.0 = Debug|Any CPU
		{B5E6B82D-E166-445E-94F1-406F83E73393}.Release|Any CPU.ActiveCfg = Release|Any CPU
		{B5E6B82D-E166-445E-94F1-406F83E73393}.Release|Any CPU.Build.0 = Release|Any CPU
	EndGlobalSection
	GlobalSection(SolutionProperties) = preSolution
		HideSolutionNode = FALSE
	EndGlobalSection
	GlobalSection(NestedProjects) = preSolution
		{B5E6B82D-E166-445E-94F1-406F83E73393} = {A73C56DA-30E0-485A-9916-E8EDA13CAA79}
	EndGlobalSection
	GlobalSection(ExtensibilityGlobals) = postSolution
		SolutionGuid = {BC09D49B-E8BD-46CE-A959-D5D078C94C08}
	EndGlobalSection
EndGlobal
